// !$*UTF8*$!
{
	archiveVersion = 1;
	classes = {
	};
	objectVersion = 46;
	objects = {

/* Begin PBXBuildFile section */
		FF4655281CB40385000CCEEF /* AppDelegate.swift in Sources */ = {isa = PBXBuildFile; fileRef = FF4655271CB40385000CCEEF /* AppDelegate.swift */; };
		FF46552A1CB40385000CCEEF /* ViewController.swift in Sources */ = {isa = PBXBuildFile; fileRef = FF4655291CB40385000CCEEF /* ViewController.swift */; };
		FF46552D1CB40385000CCEEF /* Main.storyboard in Resources */ = {isa = PBXBuildFile; fileRef = FF46552B1CB40385000CCEEF /* Main.storyboard */; };
		FF46552F1CB40385000CCEEF /* Assets.xcassets in Resources */ = {isa = PBXBuildFile; fileRef = FF46552E1CB40385000CCEEF /* Assets.xcassets */; };
		FF4655321CB40385000CCEEF /* LaunchScreen.storyboard in Resources */ = {isa = PBXBuildFile; fileRef = FF4655301CB40385000CCEEF /* LaunchScreen.storyboard */; };
/* End PBXBuildFile section */

/* Begin PBXFileReference section */
		FF4655241CB40385000CCEEF /* ArtFans_Swift.app */ = {isa = PBXFileReference; explicitFileType = wrapper.application; includeInIndex = 0; path = ArtFans_Swift.app; sourceTree = BUILT_PRODUCTS_DIR; };
		FF4655271CB40385000CCEEF /* AppDelegate.swift */ = {isa = PBXFileReference; lastKnownFileType = sourcecode.swift; path = AppDelegate.swift; sourceTree = "<group>"; };
		FF4655291CB40385000CCEEF /* ViewController.swift */ = {isa = PBXFileReference; lastKnownFileType = sourcecode.swift; path = ViewController.swift; sourceTree = "<group>"; };
		FF46552C1CB40385000CCEEF /* Base */ = {isa = PBXFileReference; lastKnownFileType = file.storyboard; name = Base; path = Base.lproj/Main.storyboard; sourceTree = "<group>"; };
		FF46552E1CB40385000CCEEF /* Assets.xcassets */ = {isa = PBXFileReference; lastKnownFileType = folder.assetcatalog; path = Assets.xcassets; sourceTree = "<group>"; };
		FF4655311CB40385000CCEEF /* Base */ = {isa = PBXFileReference; lastKnownFileType = file.storyboard; name = Base; path = Base.lproj/LaunchScreen.storyboard; sourceTree = "<group>"; };
		FF4655331CB40385000CCEEF /* Info.plist */ = {isa = PBXFileReference; lastKnownFileType = text.plist.xml; path = Info.plist; sourceTree = "<group>"; };
/* End PBXFileReference section */

/* Begin PBXFrameworksBuildPhase section */
		FF4655211CB40385000CCEEF /* Frameworks */ = {
			isa = PBXFrameworksBuildPhase;
			buildActionMask = 2147483647;
			files = (
			);
			runOnlyForDeploymentPostprocessing = 0;
		};
/* End PBXFrameworksBuildPhase section */

/* Begin PBXGroup section */
		FF46551B1CB40385000CCEEF = {
			isa = PBXGroup;
			children = (
				FF4655261CB40385000CCEEF /* ArtFans_Swift */,
				FF4655251CB40385000CCEEF /* Products */,
			);
			sourceTree = "<group>";
		};
		FF4655251CB40385000CCEEF /* Products */ = {
			isa = PBXGroup;
			children = (
				FF4655241CB40385000CCEEF /* ArtFans_Swift.app */,
			);
			name = Products;
			sourceTree = "<group>";
		};
		FF4655261CB40385000CCEEF /* ArtFans_Swift */ = {
			isa = PBXGroup;
			children = (
				FF4655271CB40385000CCEEF /* AppDelegate.swift */,
				FF4655291CB40385000CCEEF /* ViewController.swift */,
				FF46552B1CB40385000CCEEF /* Main.storyboard */,
				FF46552E1CB40385000CCEEF /* Assets.xcassets */,
				FF4655301CB40385000CCEEF /* LaunchScreen.storyboard */,
				FF4655331CB40385000CCEEF /* Info.plist */,
			);
			path = ArtFans_Swift;
			sourceTree = "<group>";
		};
/* End PBXGroup section */

/* Begin PBXNativeTarget section */
		FF4655231CB40385000CCEEF /* ArtFans_Swift */ = {
			isa = PBXNativeTarget;
			buildConfigurationList = FF4655361CB40385000CCEEF /* Build configuration list for PBXNativeTarget "ArtFans_Swift" */;
			buildPhases = (
				FF4655201CB40385000CCEEF /* Sources */,
				FF4655211CB40385000CCEEF /* Frameworks */,
				FF4655221CB40385000CCEEF /* Resources */,
			);
			buildRules = (
			);
			dependencies = (
			);
			name = ArtFans_Swift;
			productName = ArtFans_Swift;
			productReference = FF4655241CB40385000CCEEF /* ArtFans_Swift.app */;
			productType = "com.apple.product-type.application";
		};
/* End PBXNativeTarget section */

/* Begin PBXProject section */
		FF46551C1CB40385000CCEEF /* Project object */ = {
			isa = PBXProject;
			attributes = {
				LastSwiftUpdateCheck = 0730;
				LastUpgradeCheck = 0730;
				ORGANIZATIONNAME = RainGu;
				TargetAttributes = {
					FF4655231CB40385000CCEEF = {
						CreatedOnToolsVersion = 7.3;
					};
				};
			};
			buildConfigurationList = FF46551F1CB40385000CCEEF /* Build configuration list for PBXProject "ArtFans_Swift" */;
			compatibilityVersion = "Xcode 3.2";
			developmentRegion = English;
			hasScannedForEncodings = 0;
			knownRegions = (
				en,
				Base,
			);
			mainGroup = FF46551B1CB40385000CCEEF;
			productRefGroup = FF4655251CB40385000CCEEF /* Products */;
			projectDirPath = "";
			projectRoot = "";
			targets = (
				FF4655231CB40385000CCEEF /* ArtFans_Swift */,
			);
		};
/* End PBXProject section */

/* Begin PBXResourcesBuildPhase section */
		FF4655221CB40385000CCEEF /* Resources */ = {
			isa = PBXResourcesBuildPhase;
			buildActionMask = 2147483647;
			files = (
				FF4655321CB40385000CCEEF /* LaunchScreen.storyboard in Resources */,
				FF46552F1CB40385000CCEEF /* Assets.xcassets in Resources */,
				FF46552D1CB40385000CCEEF /* Main.storyboard in Resources */,
			);
			runOnlyForDeploymentPostprocessing = 0;
		};
/* End PBXResourcesBuildPhase section */

/* Begin PBXSourcesBuildPhase section */
		FF4655201CB40385000CCEEF /* Sources */ = {
			isa = PBXSourcesBuildPhase;
			buildActionMask = 2147483647;
			files = (
				FF46552A1CB40385000CCEEF /* ViewController.swift in Sources */,
				FF4655281CB40385000CCEEF /* AppDelegate.swift in Sources */,
			);
			runOnlyForDeploymentPostprocessing = 0;
		};
/* End PBXSourcesBuildPhase section */

/* Begin PBXVariantGroup section */
		FF46552B1CB40385000CCEEF /* Main.storyboard */ = {
			isa = PBXVariantGroup;
			children = (
				FF46552C1CB40385000CCEEF /* Base */,
			);
			name = Main.storyboard;
			sourceTree = "<group>";
		};
		FF4655301CB40385000CCEEF /* LaunchScreen.storyboard */ = {
			isa = PBXVariantGroup;
			children = (
				FF4655311CB40385000CCEEF /* Base */,
			);
			name = LaunchScreen.storyboard;
			sourceTree = "<group>";
		};
/* End PBXVariantGroup section */

/* Begin XCBuildConfiguration section */
		FF4655341CB40385000CCEEF /* Debug */ = {
			isa = XCBuildConfiguration;
			buildSettings = {
				ALWAYS_SEARCH_USER_PATHS = NO;
				CLANG_ANALYZER_NONNULL = YES;
				CLANG_CXX_LANGUAGE_STANDARD = "gnu++0x";
				CLANG_CXX_LIBRARY = "libc++";
				CLANG_ENABLE_MODULES = YES;
				CLANG_ENABLE_OBJC_ARC = YES;
				CLANG_WARN_BOOL_CONVERSION = YES;
				CLANG_WARN_CONSTANT_CONVERSION = YES;
				CLANG_WARN_DIRECT_OBJC_ISA_USAGE = YES_ERROR;
				CLANG_WARN_EMPTY_BODY = YES;
				CLANG_WARN_ENUM_CONVERSION = YES;
				CLANG_WARN_INT_CONVERSION = YES;
				CLANG_WARN_OBJC_ROOT_CLASS = YES_ERROR;
				CLANG_WARN_UNREACHABLE_CODE = YES;
				CLANG_WARN__DUPLICATE_METHOD_MATCH = YES;
				"CODE_SIGN_IDENTITY[sdk=iphoneos*]" = "iPhone Developer";
				COPY_PHASE_STRIP = NO;
				DEBUG_INFORMATION_FORMAT = dwarf;
				ENABLE_STRICT_OBJC_MSGSEND = YES;
				ENABLE_TESTABILITY = YES;
				GCC_C_LANGUAGE_STANDARD = gnu99;
				GCC_DYNAMIC_NO_PIC = NO;
				GCC_NO_COMMON_BLOCKS = YES;
				GCC_OPTIMIZATION_LEVEL = 0;
				GCC_PREPROCESSOR_DEFINITIONS = (
					"DEBUG=1",
					"$(inherited)",
				);
				GCC_WARN_64_TO_32_BIT_CONVERSION = YES;
				GCC_WARN_ABOUT_RETURN_TYPE = YES_ERROR;
				GCC_WARN_UNDECLARED_SELECTOR = YES;
				GCC_WARN_UNINITIALIZED_AUTOS = YES_AGGRESSIVE;
				GCC_WARN_UNUSED_FUNCTION = YES;
				GCC_WARN_UNUSED_VARIABLE = YES;
				IPHONEOS_DEPLOYMENT_TARGET = 9.3;
				MTL_ENABLE_DEBUG_INFO = YES;
				ONLY_ACTIVE_ARCH = YES;
				SDKROOT = iphoneos;
				SWIFT_OPTIMIZATION_LEVEL = "-Onone";
				TARGETED_DEVICE_FAMILY = "1,2";
			};
			name = Debug;
		};
		FF4655351CB40385000CCEEF /* Release */ = {
			isa = XCBuildConfiguration;
			buildSettings = {
				ALWAYS_SEARCH_USER_PATHS = NO;
				CLANG_ANALYZER_NONNULL = YES;
				CLANG_CXX_LANGUAGE_STANDARD = "gnu++0x";
				CLANG_CXX_LIBRARY = "libc++";
				CLANG_ENABLE_MODULES = YES;
				CLANG_ENABLE_OBJC_ARC = YES;
				CLANG_WARN_BOOL_CONVERSION = YES;
				CLANG_WARN_CONSTANT_CONVERSION = YES;
				CLANG_WARN_DIRECT_OBJC_ISA_USAGE = YES_ERROR;
				CLANG_WARN_EMPTY_BODY = YES;
				CLANG_WARN_ENUM_CONVERSION = YES;
				CLANG_WARN_INT_CONVERSION = YES;
				CLANG_WARN_OBJC_ROOT_CLASS = YES_ERROR;
				CLANG_WARN_UNREACHABLE_CODE = YES;
				CLANG_WARN__DUPLICATE_METHOD_MATCH = YES;
				"CODE_SIGN_IDENTITY[sdk=iphoneos*]" = "iPhone Developer";
				COPY_PHASE_STRIP = NO;
				DEBUG_INFORMATION_FORMAT = "dwarf-with-dsym";
				ENABLE_NS_ASSERTIONS = NO;
				ENABLE_STRICT_OBJC_MSGSEND = YES;
				GCC_C_LANGUAGE_STANDARD = gnu99;
				GCC_NO_COMMON_BLOCKS = YES;
				GCC_WARN_64_TO_32_BIT_CONVERSION = YES;
				GCC_WARN_ABOUT_RETURN_TYPE = YES_ERROR;
				GCC_WARN_UNDECLARED_SELECTOR = YES;
				GCC_WARN_UNINITIALIZED_AUTOS = YES_AGGRESSIVE;
				GCC_WARN_UNUSED_FUNCTION = YES;
				GCC_WARN_UNUSED_VARIABLE = YES;
				IPHONEOS_DEPLOYMENT_TARGET = 9.3;
				MTL_ENABLE_DEBUG_INFO = NO;
				SDKROOT = iphoneos;
				TARGETED_DEVICE_FAMILY = "1,2";
				VALIDATE_PRODUCT = YES;
			};
			name = Release;
		};
		FF4655371CB40385000CCEEF /* Debug */ = {
			isa = XCBuildConfiguration;
			buildSettings = {
				ASSETCATALOG_COMPILER_APPICON_NAME = AppIcon;
				INFOPLIST_FILE = ArtFans_Swift/Info.plist;
				LD_RUNPATH_SEARCH_PATHS = "$(inherited) @executable_path/Frameworks";
				PRODUCT_BUNDLE_IDENTIFIER = "RainGu.ArtFans-Swift";
				PRODUCT_NAME = "$(TARGET_NAME)";
			};
			name = Debug;
		};
		FF4655381CB40385000CCEEF /* Release */ = {
			isa = XCBuildConfiguration;
			buildSettings = {
				ASSETCATALOG_COMPILER_APPICON_NAME = AppIcon;
				INFOPLIST_FILE = ArtFans_Swift/Info.plist;
				LD_RUNPATH_SEARCH_PATHS = "$(inherited) @executable_path/Frameworks";
				PRODUCT_BUNDLE_IDENTIFIER = "RainGu.ArtFans-Swift";
				PRODUCT_NAME = "$(TARGET_NAME)";
			};
			name = Release;
		};
/* End XCBuildConfiguration section */

/* Begin XCConfigurationList section */
		FF46551F1CB40385000CCEEF /* Build configuration list for PBXProject "ArtFans_Swift" */ = {
			isa = XCConfigurationList;
			buildConfigurations = (
				FF4655341CB40385000CCEEF /* Debug */,
				FF4655351CB40385000CCEEF /* Release */,
			);
			defaultConfigurationIsVisible = 0;
			defaultConfigurationName = Release;
		};
		FF4655361CB40385000CCEEF /* Build configuration list for PBXNativeTarget "ArtFans_Swift" */ = {
			isa = XCConfigurationList;
			buildConfigurations = (
				FF4655371CB40385000CCEEF /* Debug */,
				FF4655381CB40385000CCEEF /* Release */,
			);
			defaultConfigurationIsVisible = 0;
		};
/* End XCConfigurationList section */
	};
	rootObject = FF46551C1CB40385000CCEEF /* Project object */;
}
